// !$*UTF8*$!
{
	archiveVersion = 1;
	classes = {
	};
	objectVersion = 46;
	objects = {

/* Begin PBXBuildFile section */
		AF5012471E60169900A685A8 /* AppDelegate.swift in Sources */ = {isa = PBXBuildFile; fileRef = AF5012461E60169900A685A8 /* AppDelegate.swift */; };
		AF5012491E60169900A685A8 /* ViewController.swift in Sources */ = {isa = PBXBuildFile; fileRef = AF5012481E60169900A685A8 /* ViewController.swift */; };
		AF50124C1E60169900A685A8 /* Main.storyboard in Resources */ = {isa = PBXBuildFile; fileRef = AF50124A1E60169900A685A8 /* Main.storyboard */; };
		AF50124E1E60169900A685A8 /* Assets.xcassets in Resources */ = {isa = PBXBuildFile; fileRef = AF50124D1E60169900A685A8 /* Assets.xcassets */; };
		AF5012511E60169900A685A8 /* LaunchScreen.storyboard in Resources */ = {isa = PBXBuildFile; fileRef = AF50124F1E60169900A685A8 /* LaunchScreen.storyboard */; };
/* End PBXBuildFile section */

/* Begin PBXFileReference section */
		AF5012431E60169900A685A8 /* TextFieldReturn.app */ = {isa = PBXFileReference; explicitFileType = wrapper.application; includeInIndex = 0; path = TextFieldReturn.app; sourceTree = BUILT_PRODUCTS_DIR; };
		AF5012461E60169900A685A8 /* AppDelegate.swift */ = {isa = PBXFileReference; lastKnownFileType = sourcecode.swift; path = AppDelegate.swift; sourceTree = "<group>"; };
		AF5012481E60169900A685A8 /* ViewController.swift */ = {isa = PBXFileReference; lastKnownFileType = sourcecode.swift; path = ViewController.swift; sourceTree = "<group>"; };
		AF50124B1E60169900A685A8 /* Base */ = {isa = PBXFileReference; lastKnownFileType = file.storyboard; name = Base; path = Base.lproj/Main.storyboard; sourceTree = "<group>"; };
		AF50124D1E60169900A685A8 /* Assets.xcassets */ = {isa = PBXFileReference; lastKnownFileType = folder.assetcatalog; path = Assets.xcassets; sourceTree = "<group>"; };
		AF5012501E60169900A685A8 /* Base */ = {isa = PBXFileReference; lastKnownFileType = file.storyboard; name = Base; path = Base.lproj/LaunchScreen.storyboard; sourceTree = "<group>"; };
		AF5012521E60169900A685A8 /* Info.plist */ = {isa = PBXFileReference; lastKnownFileType = text.plist.xml; path = Info.plist; sourceTree = "<group>"; };
/* End PBXFileReference section */

/* Begin PBXFrameworksBuildPhase section */
		AF5012401E60169900A685A8 /* Frameworks */ = {
			isa = PBXFrameworksBuildPhase;
			buildActionMask = 2147483647;
			files = (
			);
			runOnlyForDeploymentPostprocessing = 0;
		};
/* End PBXFrameworksBuildPhase section */

/* Begin PBXGroup section */
		AF50123A1E60169900A685A8 = {
			isa = PBXGroup;
			children = (
				AF5012451E60169900A685A8 /* TextFieldReturn */,
				AF5012441E60169900A685A8 /* Products */,
			);
			sourceTree = "<group>";
		};
		AF5012441E60169900A685A8 /* Products */ = {
			isa = PBXGroup;
			children = (
				AF5012431E60169900A685A8 /* TextFieldReturn.app */,
			);
			name = Products;
			sourceTree = "<group>";
		};
		AF5012451E60169900A685A8 /* TextFieldReturn */ = {
			isa = PBXGroup;
			children = (
				AF5012461E60169900A685A8 /* AppDelegate.swift */,
				AF5012481E60169900A685A8 /* ViewController.swift */,
				AF50124A1E60169900A685A8 /* Main.storyboard */,
				AF50124D1E60169900A685A8 /* Assets.xcassets */,
				AF50124F1E60169900A685A8 /* LaunchScreen.storyboard */,
				AF5012521E60169900A685A8 /* Info.plist */,
			);
			path = TextFieldReturn;
			sourceTree = "<group>";
		};
/* End PBXGroup section */

/* Begin PBXNativeTarget section */
		AF5012421E60169900A685A8 /* TextFieldReturn */ = {
			isa = PBXNativeTarget;
			buildConfigurationList = AF5012551E60169900A685A8 /* Build configuration list for PBXNativeTarget "TextFieldReturn" */;
			buildPhases = (
				AF50123F1E60169900A685A8 /* Sources */,
				AF5012401E60169900A685A8 /* Frameworks */,
				AF5012411E60169900A685A8 /* Resources */,
			);
			buildRules = (
			);
			dependencies = (
			);
			name = TextFieldReturn;
			productName = TextFieldReturn;
			productReference = AF5012431E60169900A685A8 /* TextFieldReturn.app */;
			productType = "com.apple.product-type.application";
		};
/* End PBXNativeTarget section */

/* Begin PBXProject section */
		AF50123B1E60169900A685A8 /* Project object */ = {
			isa = PBXProject;
			attributes = {
				LastSwiftUpdateCheck = 0810;
				LastUpgradeCheck = 0810;
				ORGANIZATIONNAME = "ice elson";
				TargetAttributes = {
					AF5012421E60169900A685A8 = {
						CreatedOnToolsVersion = 8.1;
						DevelopmentTeam = U55RL8468U;
						ProvisioningStyle = Automatic;
					};
				};
			};
			buildConfigurationList = AF50123E1E60169900A685A8 /* Build configuration list for PBXProject "TextFieldReturn" */;
			compatibilityVersion = "Xcode 3.2";
			developmentRegion = English;
			hasScannedForEncodings = 0;
			knownRegions = (
				en,
				Base,
			);
			mainGroup = AF50123A1E60169900A685A8;
			productRefGroup = AF5012441E60169900A685A8 /* Products */;
			projectDirPath = "";
			projectRoot = "";
			targets = (
				AF5012421E60169900A685A8 /* TextFieldReturn */,
			);
		};
/* End PBXProject section */

/* Begin PBXResourcesBuildPhase section */
		AF5012411E60169900A685A8 /* Resources */ = {
			isa = PBXResourcesBuildPhase;
			buildActionMask = 2147483647;
			files = (
				AF5012511E60169900A685A8 /* LaunchScreen.storyboard in Resources */,
				AF50124E1E60169900A685A8 /* Assets.xcassets in Resources */,
				AF50124C1E60169900A685A8 /* Main.storyboard in Resources */,
			);
			runOnlyForDeploymentPostprocessing = 0;
		};
/* End PBXResourcesBuildPhase section */

/* Begin PBXSourcesBuildPhase section */
		AF50123F1E60169900A685A8 /* Sources */ = {
			isa = PBXSourcesBuildPhase;
			buildActionMask = 2147483647;
			files = (
				AF5012491E60169900A685A8 /* ViewController.swift in Sources */,
				AF5012471E60169900A685A8 /* AppDelegate.swift in Sources */,
			);
			runOnlyForDeploymentPostprocessing = 0;
		};
/* End PBXSourcesBuildPhase section */

/* Begin PBXVariantGroup section */
		AF50124A1E60169900A685A8 /* Main.storyboard */ = {
			isa = PBXVariantGroup;
			children = (
				AF50124B1E60169900A685A8 /* Base */,
			);
			name = Main.storyboard;
			sourceTree = "<group>";
		};
		AF50124F1E60169900A685A8 /* LaunchScreen.storyboard */ = {
			isa = PBXVariantGroup;
			children = (
				AF5012501E60169900A685A8 /* Base */,
			);
			name = LaunchScreen.storyboard;
			sourceTree = "<group>";
		};
/* End PBXVariantGroup section */

/* Begin XCBuildConfiguration section */
		AF5012531E60169900A685A8 /* Debug */ = {
			isa = XCBuildConfiguration;
			buildSettings = {
				ALWAYS_SEARCH_USER_PATHS = NO;
				CLANG_ANALYZER_NONNULL = YES;
				CLANG_CXX_LANGUAGE_STANDARD = "gnu++0x";
				CLANG_CXX_LIBRARY = "libc++";
				CLANG_ENABLE_MODULES = YES;
				CLANG_ENABLE_OBJC_ARC = YES;
				CLANG_WARN_BOOL_CONVERSION = YES;
				CLANG_WARN_CONSTANT_CONVERSION = YES;
				CLANG_WARN_DIRECT_OBJC_ISA_USAGE = YES_ERROR;
				CLANG_WARN_DOCUMENTATION_COMMENTS = YES;
				CLANG_WARN_EMPTY_BODY = YES;
				CLANG_WARN_ENUM_CONVERSION = YES;
				CLANG_WARN_INFINITE_RECURSION = YES;
				CLANG_WARN_INT_CONVERSION = YES;
				CLANG_WARN_OBJC_ROOT_CLASS = YES_ERROR;
				CLANG_WARN_SUSPICIOUS_MOVES = YES;
				CLANG_WARN_UNREACHABLE_CODE = YES;
				CLANG_WARN__DUPLICATE_METHOD_MATCH = YES;
				"CODE_SIGN_IDENTITY[sdk=iphoneos*]" = "iPhone Developer";
				COPY_PHASE_STRIP = NO;
				DEBUG_INFORMATION_FORMAT = dwarf;
				ENABLE_STRICT_OBJC_MSGSEND = YES;
				ENABLE_TESTABILITY = YES;
				GCC_C_LANGUAGE_STANDARD = gnu99;
				GCC_DYNAMIC_NO_PIC = NO;
				GCC_NO_COMMON_BLOCKS = YES;
				GCC_OPTIMIZATION_LEVEL = 0;
				GCC_PREPROCESSOR_DEFINITIONS = (
					"DEBUG=1",
					"$(inherited)",
				);
				GCC_WARN_64_TO_32_BIT_CONVERSION = YES;
				GCC_WARN_ABOUT_RETURN_TYPE = YES_ERROR;
				GCC_WARN_UNDECLARED_SELECTOR = YES;
				GCC_WARN_UNINITIALIZED_AUTOS = YES_AGGRESSIVE;
				GCC_WARN_UNUSED_FUNCTION = YES;
				GCC_WARN_UNUSED_VARIABLE = YES;
				IPHONEOS_DEPLOYMENT_TARGET = 10.1;
				MTL_ENABLE_DEBUG_INFO = YES;
				ONLY_ACTIVE_ARCH = YES;
				SDKROOT = iphoneos;
				SWIFT_ACTIVE_COMPILATION_CONDITIONS = DEBUG;
				SWIFT_OPTIMIZATION_LEVEL = "-Onone";
			};
			name = Debug;
		};
		AF5012541E60169900A685A8 /* Release */ = {
			isa = XCBuildConfiguration;
			buildSettings = {
				ALWAYS_SEARCH_USER_PATHS = NO;
				CLANG_ANALYZER_NONNULL = YES;
				CLANG_CXX_LANGUAGE_STANDARD = "gnu++0x";
				CLANG_CXX_LIBRARY = "libc++";
				CLANG_ENABLE_MODULES = YES;
				CLANG_ENABLE_OBJC_ARC = YES;
				CLANG_WARN_BOOL_CONVERSION = YES;
				CLANG_WARN_CONSTANT_CONVERSION = YES;
				CLANG_WARN_DIRECT_OBJC_ISA_USAGE = YES_ERROR;
				CLANG_WARN_DOCUMENTATION_COMMENTS = YES;
				CLANG_WARN_EMPTY_BODY = YES;
				CLANG_WARN_ENUM_CONVERSION = YES;
				CLANG_WARN_INFINITE_RECURSION = YES;
				CLANG_WARN_INT_CONVERSION = YES;
				CLANG_WARN_OBJC_ROOT_CLASS = YES_ERROR;
				CLANG_WARN_SUSPICIOUS_MOVES = YES;
				CLANG_WARN_UNREACHABLE_CODE = YES;
				CLANG_WARN__DUPLICATE_METHOD_MATCH = YES;
				"CODE_SIGN_IDENTITY[sdk=iphoneos*]" = "iPhone Developer";
				COPY_PHASE_STRIP = NO;
				DEBUG_INFORMATION_FORMAT = "dwarf-with-dsym";
				ENABLE_NS_ASSERTIONS = NO;
				ENABLE_STRICT_OBJC_MSGSEND = YES;
				GCC_C_LANGUAGE_STANDARD = gnu99;
				GCC_NO_COMMON_BLOCKS = YES;
				GCC_WARN_64_TO_32_BIT_CONVERSION = YES;
				GCC_WARN_ABOUT_RETURN_TYPE = YES_ERROR;
				GCC_WARN_UNDECLARED_SELECTOR = YES;
				GCC_WARN_UNINITIALIZED_AUTOS = YES_AGGRESSIVE;
				GCC_WARN_UNUSED_FUNCTION = YES;
				GCC_WARN_UNUSED_VARIABLE = YES;
				IPHONEOS_DEPLOYMENT_TARGET = 10.1;
				MTL_ENABLE_DEBUG_INFO = NO;
				SDKROOT = iphoneos;
				SWIFT_OPTIMIZATION_LEVEL = "-Owholemodule";
				VALIDATE_PRODUCT = YES;
			};
			name = Release;
		};
		AF5012561E60169900A685A8 /* Debug */ = {
			isa = XCBuildConfiguration;
			buildSettings = {
				ASSETCATALOG_COMPILER_APPICON_NAME = AppIcon;
				DEVELOPMENT_TEAM = U55RL8468U;
				INFOPLIST_FILE = TextFieldReturn/Info.plist;
				LD_RUNPATH_SEARCH_PATHS = "$(inherited) @executable_path/Frameworks";
				PRODUCT_BUNDLE_IDENTIFIER = com.elson.TextFieldReturn;
				PRODUCT_NAME = "$(TARGET_NAME)";
				SWIFT_VERSION = 3.0;
			};
			name = Debug;
		};
		AF5012571E60169900A685A8 /* Release */ = {
			isa = XCBuildConfiguration;
			buildSettings = {
				ASSETCATALOG_COMPILER_APPICON_NAME = AppIcon;
				DEVELOPMENT_TEAM = U55RL8468U;
				INFOPLIST_FILE = TextFieldReturn/Info.plist;
				LD_RUNPATH_SEARCH_PATHS = "$(inherited) @executable_path/Frameworks";
				PRODUCT_BUNDLE_IDENTIFIER = com.elson.TextFieldReturn;
				PRODUCT_NAME = "$(TARGET_NAME)";
				SWIFT_VERSION = 3.0;
			};
			name = Release;
		};
/* End XCBuildConfiguration section */

/* Begin XCConfigurationList section */
		AF50123E1E60169900A685A8 /* Build configuration list for PBXProject "TextFieldReturn" */ = {
			isa = XCConfigurationList;
			buildConfigurations = (
				AF5012531E60169900A685A8 /* Debug */,
				AF5012541E60169900A685A8 /* Release */,
			);
			defaultConfigurationIsVisible = 0;
			defaultConfigurationName = Release;
		};
		AF5012551E60169900A685A8 /* Build configuration list for PBXNativeTarget "TextFieldReturn" */ = {
			isa = XCConfigurationList;
			buildConfigurations = (
				AF5012561E60169900A685A8 /* Debug */,
				AF5012571E60169900A685A8 /* Release */,
			);
			defaultConfigurationIsVisible = 0;
		};
/* End XCConfigurationList section */
	};
	rootObject = AF50123B1E60169900A685A8 /* Project object */;
}
